{
  "name": "test-node-les",
  "version": "1.0.0",
  "lockfileVersion": 3,
  "requires": true,
  "packages": {
    "": {
      "name": "test-node-les",
      "version": "1.0.0",
      "license": "ISC",
      "dependencies": {
        "fast-sort": "^3.4.0"
      }
    },
    "node_modules/fast-sort": {
      "version": "3.4.0",
      "resolved": "https://registry.npmjs.org/fast-sort/-/fast-sort-3.4.0.tgz",
      "integrity": "sha512-c/cMBGA5mH3OYjaXedtLIM3hQjv+KuZuiD2QEH5GofNOZeQVDIYIN7Okc2AW1KPhk44g5PTZnXp8t2lOMl8qhQ=="
    }
  }
}
